
Microsoft Visual Studio Solution File, Format Version 11.00
# Visual Studio 2010
Project("{FAE04EC0-301F-11D3-BF4B-00C04F79EFBC}") = "WPStartStopControl", "WPStartStopControl\WPStartStopControl.csproj", "{7e302e4f-a78f-4739-878d-5f8db41eeab2}"
EndProject
Global
	GlobalSection(SolutionConfigurationPlatforms) = preSolution
		Debug|Any CPU = Debug|Any CPU
		Release|Any CPU = Release|Any CPU
	EndGlobalSection
	GlobalSection(ProjectConfigurationPlatforms) = postSolution
		{7E302E4F-A78F-4739-878D-5F8DB41EEAB2}.Debug|Any CPU.ActiveCfg = Debug|Any CPU
		{7E302E4F-A78F-4739-878D-5F8DB41EEAB2}.Debug|Any CPU.Build.0 = Debug|Any CPU
		{7E302E4F-A78F-4739-878D-5F8DB41EEAB2}.Debug|Any CPU.Deploy.0 = Debug|Any CPU
		{7E302E4F-A78F-4739-878D-5F8DB41EEAB2}.Release|Any CPU.ActiveCfg = Release|Any CPU
		{7E302E4F-A78F-4739-878D-5F8DB41EEAB2}.Release|Any CPU.Build.0 = Release|Any CPU
		{7E302E4F-A78F-4739-878D-5F8DB41EEAB2}.Release|Any CPU.Deploy.0 = Release|Any CPU
	EndGlobalSection
EndGlobal
